
Microsoft Visual Studio Solution File, Format Version 12.00
# Visual Studio Version 16
VisualStudioVersion = 16.0.32901.82
MinimumVisualStudioVersion = 10.0.40219.1
Project("{FAE04EC0-301F-11D3-BF4B-00C04F79EFBC}") = "UI", "UI\UI.csproj", "{239028AE-77F0-4157-99CD-EE08B1A024A4}"
EndProject
Project("{FAE04EC0-301F-11D3-BF4B-00C04F79EFBC}") = "Web_l_BILL", "Web_l_BILL\Web_l_BILL.csproj", "{BFB44A54-0478-47EF-AEB4-0058CB8B0AE0}"
EndProject
Project("{FAE04EC0-301F-11D3-BF4B-00C04F79EFBC}") = "Web_I_DAL", "Web_I_DAL\Web_I_DAL.csproj", "{179DAD52-CBE2-4D98-BCDE-379870F31F45}"
EndProject
Global
	GlobalSection(SolutionConfigurationPlatforms) = preSolution
		Debug|Any CPU = Debug|Any CPU
		Release|Any CPU = Release|Any CPU
	EndGlobalSection
	GlobalSection(ProjectConfigurationPlatforms) = postSolution
		{239028AE-77F0-4157-99CD-EE08B1A024A4}.Debug|Any CPU.ActiveCfg = Debug|Any CPU
		{239028AE-77F0-4157-99CD-EE08B1A024A4}.Debug|Any CPU.Build.0 = Debug|Any CPU
		{239028AE-77F0-4157-99CD-EE08B1A024A4}.Release|Any CPU.ActiveCfg = Release|Any CPU
		{239028AE-77F0-4157-99CD-EE08B1A024A4}.Release|Any CPU.Build.0 = Release|Any CPU
		{BFB44A54-0478-47EF-AEB4-0058CB8B0AE0}.Debug|Any CPU.ActiveCfg = Debug|Any CPU
		{BFB44A54-0478-47EF-AEB4-0058CB8B0AE0}.Debug|Any CPU.Build.0 = Debug|Any CPU
		{BFB44A54-0478-47EF-AEB4-0058CB8B0AE0}.Release|Any CPU.ActiveCfg = Release|Any CPU
		{BFB44A54-0478-47EF-AEB4-0058CB8B0AE0}.Release|Any CPU.Build.0 = Release|Any CPU
		{179DAD52-CBE2-4D98-BCDE-379870F31F45}.Debug|Any CPU.ActiveCfg = Debug|Any CPU
		{179DAD52-CBE2-4D98-BCDE-379870F31F45}.Debug|Any CPU.Build.0 = Debug|Any CPU
		{179DAD52-CBE2-4D98-BCDE-379870F31F45}.Release|Any CPU.ActiveCfg = Release|Any CPU
		{179DAD52-CBE2-4D98-BCDE-379870F31F45}.Release|Any CPU.Build.0 = Release|Any CPU
	EndGlobalSection
	GlobalSection(SolutionProperties) = preSolution
		HideSolutionNode = FALSE
	EndGlobalSection
	GlobalSection(ExtensibilityGlobals) = postSolution
		SolutionGuid = {7C7B4594-5D9B-40CF-862B-EB7C99286A95}
	EndGlobalSection
EndGlobal
